
Microsoft Visual Studio Solution File, Format Version 12.00
# Visual Studio 15
VisualStudioVersion = 15.0.28307.168
MinimumVisualStudioVersion = 10.0.40219.1
Project("{9A19103F-16F7-4668-BE54-9A1E7A4F7556}") = "OrderWriteApi", "OrderWrite\OrderWriteApi.csproj", "{8ED46169-1822-48A1-9DE4-130879322B48}"
EndProject
Project("{2150E333-8FDC-42A3-9474-1A3956D46DE8}") = "src", "src", "{DE768F86-1A13-498E-8133-83DB7EE80BE2}"
EndProject
Project("{2150E333-8FDC-42A3-9474-1A3956D46DE8}") = "Core", "Core", "{2B145E20-4A25-491B-988B-EDBAE85A6FA0}"
EndProject
Project("{2150E333-8FDC-42A3-9474-1A3956D46DE8}") = "Presentation", "Presentation", "{12516078-7118-42F8-9E45-5429611D3FD2}"
EndProject
Project("{9A19103F-16F7-4668-BE54-9A1E7A4F7556}") = "LNLOrder.Domain", "OrderWrite.Domain\LNLOrder.Domain.csproj", "{9B75F108-698E-46AD-9B0C-94B6D9138C22}"
EndProject
Project("{2150E333-8FDC-42A3-9474-1A3956D46DE8}") = "Infrastructure", "Infrastructure", "{BDD2B4E2-83B5-4706-80BE-54C084CA1E82}"
EndProject
Project("{9A19103F-16F7-4668-BE54-9A1E7A4F7556}") = "LNLOrder.Infrastructure", "OrderWrite.Infrastructure\LNLOrder.Infrastructure.csproj", "{C83E889D-71DF-4065-A258-E12A0B2031ED}"
EndProject
Project("{9A19103F-16F7-4668-BE54-9A1E7A4F7556}") = "LNLOrder.Persistance", "OrderWrite.Persistance\LNLOrder.Persistance.csproj", "{AF3C3FE7-379F-4257-8F73-5F0B21F9BFEC}"
EndProject
Project("{9A19103F-16F7-4668-BE54-9A1E7A4F7556}") = "OrderReadApi", "OrderReadApi\OrderReadApi.csproj", "{BDBB1FCB-D570-4EE1-9A2A-45F7C5D02DAB}"
EndProject
Project("{2150E333-8FDC-42A3-9474-1A3956D46DE8}") = "Jobs", "Jobs", "{EDFD005C-2F91-4503-B69C-226573A2B12A}"
EndProject
Project("{9A19103F-16F7-4668-BE54-9A1E7A4F7556}") = "Materializer", "Materializer\Materializer.csproj", "{AA583C5D-9025-4029-A036-CE6BF444632B}"
EndProject
Project("{9A19103F-16F7-4668-BE54-9A1E7A4F7556}") = "LNLOrder.Application", "OrderWrite.Application\LNLOrder.Application.csproj", "{489BD952-7525-45F5-924C-299DCD99AF79}"
EndProject
Global
	GlobalSection(SolutionConfigurationPlatforms) = preSolution
		Debug|Any CPU = Debug|Any CPU
		Release|Any CPU = Release|Any CPU
	EndGlobalSection
	GlobalSection(ProjectConfigurationPlatforms) = postSolution
		{8ED46169-1822-48A1-9DE4-130879322B48}.Debug|Any CPU.ActiveCfg = Debug|Any CPU
		{8ED46169-1822-48A1-9DE4-130879322B48}.Debug|Any CPU.Build.0 = Debug|Any CPU
		{8ED46169-1822-48A1-9DE4-130879322B48}.Release|Any CPU.ActiveCfg = Release|Any CPU
		{8ED46169-1822-48A1-9DE4-130879322B48}.Release|Any CPU.Build.0 = Release|Any CPU
		{9B75F108-698E-46AD-9B0C-94B6D9138C22}.Debug|Any CPU.ActiveCfg = Debug|Any CPU
		{9B75F108-698E-46AD-9B0C-94B6D9138C22}.Debug|Any CPU.Build.0 = Debug|Any CPU
		{9B75F108-698E-46AD-9B0C-94B6D9138C22}.Release|Any CPU.ActiveCfg = Release|Any CPU
		{9B75F108-698E-46AD-9B0C-94B6D9138C22}.Release|Any CPU.Build.0 = Release|Any CPU
		{C83E889D-71DF-4065-A258-E12A0B2031ED}.Debug|Any CPU.ActiveCfg = Debug|Any CPU
		{C83E889D-71DF-4065-A258-E12A0B2031ED}.Debug|Any CPU.Build.0 = Debug|Any CPU
		{C83E889D-71DF-4065-A258-E12A0B2031ED}.Release|Any CPU.ActiveCfg = Release|Any CPU
		{C83E889D-71DF-4065-A258-E12A0B2031ED}.Release|Any CPU.Build.0 = Release|Any CPU
		{AF3C3FE7-379F-4257-8F73-5F0B21F9BFEC}.Debug|Any CPU.ActiveCfg = Debug|Any CPU
		{AF3C3FE7-379F-4257-8F73-5F0B21F9BFEC}.Debug|Any CPU.Build.0 = Debug|Any CPU
		{AF3C3FE7-379F-4257-8F73-5F0B21F9BFEC}.Release|Any CPU.ActiveCfg = Release|Any CPU
		{AF3C3FE7-379F-4257-8F73-5F0B21F9BFEC}.Release|Any CPU.Build.0 = Release|Any CPU
		{BDBB1FCB-D570-4EE1-9A2A-45F7C5D02DAB}.Debug|Any CPU.ActiveCfg = Debug|Any CPU
		{BDBB1FCB-D570-4EE1-9A2A-45F7C5D02DAB}.Debug|Any CPU.Build.0 = Debug|Any CPU
		{BDBB1FCB-D570-4EE1-9A2A-45F7C5D02DAB}.Release|Any CPU.ActiveCfg = Release|Any CPU
		{BDBB1FCB-D570-4EE1-9A2A-45F7C5D02DAB}.Release|Any CPU.Build.0 = Release|Any CPU
		{AA583C5D-9025-4029-A036-CE6BF444632B}.Debug|Any CPU.ActiveCfg = Debug|Any CPU
		{AA583C5D-9025-4029-A036-CE6BF444632B}.Debug|Any CPU.Build.0 = Debug|Any CPU
		{AA583C5D-9025-4029-A036-CE6BF444632B}.Release|Any CPU.ActiveCfg = Release|Any CPU
		{AA583C5D-9025-4029-A036-CE6BF444632B}.Release|Any CPU.Build.0 = Release|Any CPU
		{489BD952-7525-45F5-924C-299DCD99AF79}.Debug|Any CPU.ActiveCfg = Debug|Any CPU
		{489BD952-7525-45F5-924C-299DCD99AF79}.Debug|Any CPU.Build.0 = Debug|Any CPU
		{489BD952-7525-45F5-924C-299DCD99AF79}.Release|Any CPU.ActiveCfg = Release|Any CPU
		{489BD952-7525-45F5-924C-299DCD99AF79}.Release|Any CPU.Build.0 = Release|Any CPU
	EndGlobalSection
	GlobalSection(SolutionProperties) = preSolution
		HideSolutionNode = FALSE
	EndGlobalSection
	GlobalSection(NestedProjects) = preSolution
		{8ED46169-1822-48A1-9DE4-130879322B48} = {12516078-7118-42F8-9E45-5429611D3FD2}
		{2B145E20-4A25-491B-988B-EDBAE85A6FA0} = {DE768F86-1A13-498E-8133-83DB7EE80BE2}
		{12516078-7118-42F8-9E45-5429611D3FD2} = {DE768F86-1A13-498E-8133-83DB7EE80BE2}
		{9B75F108-698E-46AD-9B0C-94B6D9138C22} = {2B145E20-4A25-491B-988B-EDBAE85A6FA0}
		{BDD2B4E2-83B5-4706-80BE-54C084CA1E82} = {DE768F86-1A13-498E-8133-83DB7EE80BE2}
		{C83E889D-71DF-4065-A258-E12A0B2031ED} = {BDD2B4E2-83B5-4706-80BE-54C084CA1E82}
		{AF3C3FE7-379F-4257-8F73-5F0B21F9BFEC} = {BDD2B4E2-83B5-4706-80BE-54C084CA1E82}
		{BDBB1FCB-D570-4EE1-9A2A-45F7C5D02DAB} = {12516078-7118-42F8-9E45-5429611D3FD2}
		{EDFD005C-2F91-4503-B69C-226573A2B12A} = {DE768F86-1A13-498E-8133-83DB7EE80BE2}
		{AA583C5D-9025-4029-A036-CE6BF444632B} = {EDFD005C-2F91-4503-B69C-226573A2B12A}
		{489BD952-7525-45F5-924C-299DCD99AF79} = {2B145E20-4A25-491B-988B-EDBAE85A6FA0}
	EndGlobalSection
	GlobalSection(ExtensibilityGlobals) = postSolution
		SolutionGuid = {E28A1307-B0C9-455C-8791-887FE9F82BED}
	EndGlobalSection
EndGlobal
